
Microsoft Visual Studio Solution File, Format Version 12.00
# Visual Studio 2012
Project("{FAE04EC0-301F-11D3-BF4B-00C04F79EFBC}") = "MaxMelcher.OWA2013.SP2010.Preview", "MaxMelcher.OWA2013.SP2010.Preview\MaxMelcher.OWA2013.SP2010.Preview.csproj", "{8D1C9C35-035A-426F-9B96-D201F8566CA1}"
EndProject
Global
	GlobalSection(SolutionConfigurationPlatforms) = preSolution
		Debug|Any CPU = Debug|Any CPU
		Release|Any CPU = Release|Any CPU
	EndGlobalSection
	GlobalSection(ProjectConfigurationPlatforms) = postSolution
		{8D1C9C35-035A-426F-9B96-D201F8566CA1}.Debug|Any CPU.ActiveCfg = Debug|Any CPU
		{8D1C9C35-035A-426F-9B96-D201F8566CA1}.Debug|Any CPU.Build.0 = Debug|Any CPU
		{8D1C9C35-035A-426F-9B96-D201F8566CA1}.Debug|Any CPU.Deploy.0 = Debug|Any CPU
		{8D1C9C35-035A-426F-9B96-D201F8566CA1}.Release|Any CPU.ActiveCfg = Release|Any CPU
		{8D1C9C35-035A-426F-9B96-D201F8566CA1}.Release|Any CPU.Build.0 = Release|Any CPU
		{8D1C9C35-035A-426F-9B96-D201F8566CA1}.Release|Any CPU.Deploy.0 = Release|Any CPU
	EndGlobalSection
	GlobalSection(SolutionProperties) = preSolution
		HideSolutionNode = FALSE
	EndGlobalSection
EndGlobal
